
Microsoft Visual Studio Solution File, Format Version 12.00
# Visual Studio Version 16
VisualStudioVersion = 16.0.30804.86
MinimumVisualStudioVersion = 10.0.40219.1
Project("{FAE04EC0-301F-11D3-BF4B-00C04F79EFBC}") = "Daily.Checklist.UWP", "Daily.Checklist.UWP\Daily.Checklist.UWP.csproj", "{47A7120E-FAA4-4D3C-B3C8-1102CA4A1380}"
EndProject
Project("{FAE04EC0-301F-11D3-BF4B-00C04F79EFBC}") = "Daily.Checklist.Android", "Daily.Checklist.Android\Daily.Checklist.Android.csproj", "{990B5873-D0D3-4886-964A-D295F6158931}"
EndProject
Project("{FAE04EC0-301F-11D3-BF4B-00C04F79EFBC}") = "Daily.Checklist.iOS", "Daily.Checklist.iOS\Daily.Checklist.iOS.csproj", "{2A7D3575-7E7F-4935-A91E-0A86D4F8225D}"
EndProject
Project("{FAE04EC0-301F-11D3-BF4B-00C04F79EFBC}") = "Daily.Checklist", "Daily.Checklist\Daily.Checklist.csproj", "{3CBBC869-CAD6-45AD-868A-D81FCF362123}"
EndProject
Global
	GlobalSection(SolutionConfigurationPlatforms) = preSolution
		Debug|Any CPU = Debug|Any CPU
		Debug|ARM = Debug|ARM
		Debug|iPhone = Debug|iPhone
		Debug|iPhoneSimulator = Debug|iPhoneSimulator
		Debug|x64 = Debug|x64
		Debug|x86 = Debug|x86
		Release|Any CPU = Release|Any CPU
		Release|ARM = Release|ARM
		Release|iPhone = Release|iPhone
		Release|iPhoneSimulator = Release|iPhoneSimulator
		Release|x64 = Release|x64
		Release|x86 = Release|x86
	EndGlobalSection
	GlobalSection(ProjectConfigurationPlatforms) = postSolution
		{47A7120E-FAA4-4D3C-B3C8-1102CA4A1380}.Debug|Any CPU.ActiveCfg = Debug|x86
		{47A7120E-FAA4-4D3C-B3C8-1102CA4A1380}.Debug|Any CPU.Build.0 = Debug|x86
		{47A7120E-FAA4-4D3C-B3C8-1102CA4A1380}.Debug|Any CPU.Deploy.0 = Debug|x86
		{47A7120E-FAA4-4D3C-B3C8-1102CA4A1380}.Debug|ARM.ActiveCfg = Debug|ARM
		{47A7120E-FAA4-4D3C-B3C8-1102CA4A1380}.Debug|ARM.Build.0 = Debug|ARM
		{47A7120E-FAA4-4D3C-B3C8-1102CA4A1380}.Debug|ARM.Deploy.0 = Debug|ARM
		{47A7120E-FAA4-4D3C-B3C8-1102CA4A1380}.Debug|iPhone.ActiveCfg = Debug|x86
		{47A7120E-FAA4-4D3C-B3C8-1102CA4A1380}.Debug|iPhone.Build.0 = Debug|x86
		{47A7120E-FAA4-4D3C-B3C8-1102CA4A1380}.Debug|iPhone.Deploy.0 = Debug|x86
		{47A7120E-FAA4-4D3C-B3C8-1102CA4A1380}.Debug|iPhoneSimulator.ActiveCfg = Debug|x86
		{47A7120E-FAA4-4D3C-B3C8-1102CA4A1380}.Debug|iPhoneSimulator.Build.0 = Debug|x86
		{47A7120E-FAA4-4D3C-B3C8-1102CA4A1380}.Debug|iPhoneSimulator.Deploy.0 = Debug|x86
		{47A7120E-FAA4-4D3C-B3C8-1102CA4A1380}.Debug|x64.ActiveCfg = Debug|x64
		{47A7120E-FAA4-4D3C-B3C8-1102CA4A1380}.Debug|x64.Build.0 = Debug|x64
		{47A7120E-FAA4-4D3C-B3C8-1102CA4A1380}.Debug|x64.Deploy.0 = Debug|x64
		{47A7120E-FAA4-4D3C-B3C8-1102CA4A1380}.Debug|x86.ActiveCfg = Debug|x86
		{47A7120E-FAA4-4D3C-B3C8-1102CA4A1380}.Debug|x86.Build.0 = Debug|x86
		{47A7120E-FAA4-4D3C-B3C8-1102CA4A1380}.Debug|x86.Deploy.0 = Debug|x86
		{47A7120E-FAA4-4D3C-B3C8-1102CA4A1380}.Release|Any CPU.ActiveCfg = Release|x86
		{47A7120E-FAA4-4D3C-B3C8-1102CA4A1380}.Release|Any CPU.Build.0 = Release|x86
		{47A7120E-FAA4-4D3C-B3C8-1102CA4A1380}.Release|Any CPU.Deploy.0 = Release|x86
		{47A7120E-FAA4-4D3C-B3C8-1102CA4A1380}.Release|ARM.ActiveCfg = Release|ARM
		{47A7120E-FAA4-4D3C-B3C8-1102CA4A1380}.Release|ARM.Build.0 = Release|ARM
		{47A7120E-FAA4-4D3C-B3C8-1102CA4A1380}.Release|ARM.Deploy.0 = Release|ARM
		{47A7120E-FAA4-4D3C-B3C8-1102CA4A1380}.Release|iPhone.ActiveCfg = Release|x86
		{47A7120E-FAA4-4D3C-B3C8-1102CA4A1380}.Release|iPhone.Build.0 = Release|x86
		{47A7120E-FAA4-4D3C-B3C8-1102CA4A1380}.Release|iPhone.Deploy.0 = Release|x86
		{47A7120E-FAA4-4D3C-B3C8-1102CA4A1380}.Release|iPhoneSimulator.ActiveCfg = Release|x86
		{47A7120E-FAA4-4D3C-B3C8-1102CA4A1380}.Release|iPhoneSimulator.Build.0 = Release|x86
		{47A7120E-FAA4-4D3C-B3C8-1102CA4A1380}.Release|iPhoneSimulator.Deploy.0 = Release|x86
		{47A7120E-FAA4-4D3C-B3C8-1102CA4A1380}.Release|x64.ActiveCfg = Release|x64
		{47A7120E-FAA4-4D3C-B3C8-1102CA4A1380}.Release|x64.Build.0 = Release|x64
		{47A7120E-FAA4-4D3C-B3C8-1102CA4A1380}.Release|x64.Deploy.0 = Release|x64
		{47A7120E-FAA4-4D3C-B3C8-1102CA4A1380}.Release|x86.ActiveCfg = Release|x86
		{47A7120E-FAA4-4D3C-B3C8-1102CA4A1380}.Release|x86.Build.0 = Release|x86
		{47A7120E-FAA4-4D3C-B3C8-1102CA4A1380}.Release|x86.Deploy.0 = Release|x86
		{990B5873-D0D3-4886-964A-D295F6158931}.Debug|Any CPU.ActiveCfg = Debug|Any CPU
		{990B5873-D0D3-4886-964A-D295F6158931}.Debug|Any CPU.Build.0 = Debug|Any CPU
		{990B5873-D0D3-4886-964A-D295F6158931}.Debug|Any CPU.Deploy.0 = Debug|Any CPU
		{990B5873-D0D3-4886-964A-D295F6158931}.Debug|ARM.ActiveCfg = Debug|Any CPU
		{990B5873-D0D3-4886-964A-D295F6158931}.Debug|ARM.Build.0 = Debug|Any CPU
		{990B5873-D0D3-4886-964A-D295F6158931}.Debug|ARM.Deploy.0 = Debug|Any CPU
		{990B5873-D0D3-4886-964A-D295F6158931}.Debug|iPhone.ActiveCfg = Debug|Any CPU
		{990B5873-D0D3-4886-964A-D295F6158931}.Debug|iPhone.Build.0 = Debug|Any CPU
		{990B5873-D0D3-4886-964A-D295F6158931}.Debug|iPhone.Deploy.0 = Debug|Any CPU
		{990B5873-D0D3-4886-964A-D295F6158931}.Debug|iPhoneSimulator.ActiveCfg = Debug|Any CPU
		{990B5873-D0D3-4886-964A-D295F6158931}.Debug|iPhoneSimulator.Build.0 = Debug|Any CPU
		{990B5873-D0D3-4886-964A-D295F6158931}.Debug|iPhoneSimulator.Deploy.0 = Debug|Any CPU
		{990B5873-D0D3-4886-964A-D295F6158931}.Debug|x64.ActiveCfg = Debug|Any CPU
		{990B5873-D0D3-4886-964A-D295F6158931}.Debug|x64.Build.0 = Debug|Any CPU
		{990B5873-D0D3-4886-964A-D295F6158931}.Debug|x64.Deploy.0 = Debug|Any CPU
		{990B5873-D0D3-4886-964A-D295F6158931}.Debug|x86.ActiveCfg = Debug|Any CPU
		{990B5873-D0D3-4886-964A-D295F6158931}.Debug|x86.Build.0 = Debug|Any CPU
		{990B5873-D0D3-4886-964A-D295F6158931}.Debug|x86.Deploy.0 = Debug|Any CPU
		{990B5873-D0D3-4886-964A-D295F6158931}.Release|Any CPU.ActiveCfg = Release|Any CPU
		{990B5873-D0D3-4886-964A-D295F6158931}.Release|Any CPU.Build.0 = Release|Any CPU
		{990B5873-D0D3-4886-964A-D295F6158931}.Release|Any CPU.Deploy.0 = Release|Any CPU
		{990B5873-D0D3-4886-964A-D295F6158931}.Release|ARM.ActiveCfg = Release|Any CPU
		{990B5873-D0D3-4886-964A-D295F6158931}.Release|ARM.Build.0 = Release|Any CPU
		{990B5873-D0D3-4886-964A-D295F6158931}.Release|ARM.Deploy.0 = Release|Any CPU
		{990B5873-D0D3-4886-964A-D295F6158931}.Release|iPhone.ActiveCfg = Release|Any CPU
		{990B5873-D0D3-4886-964A-D295F6158931}.Release|iPhone.Build.0 = Release|Any CPU
		{990B5873-D0D3-4886-964A-D295F6158931}.Release|iPhone.Deploy.0 = Release|Any CPU
		{990B5873-D0D3-4886-964A-D295F6158931}.Release|iPhoneSimulator.ActiveCfg = Release|Any CPU
		{990B5873-D0D3-4886-964A-D295F6158931}.Release|iPhoneSimulator.Build.0 = Release|Any CPU
		{990B5873-D0D3-4886-964A-D295F6158931}.Release|iPhoneSimulator.Deploy.0 = Release|Any CPU
		{990B5873-D0D3-4886-964A-D295F6158931}.Release|x64.ActiveCfg = Release|Any CPU
		{990B5873-D0D3-4886-964A-D295F6158931}.Release|x64.Build.0 = Release|Any CPU
		{990B5873-D0D3-4886-964A-D295F6158931}.Release|x64.Deploy.0 = Release|Any CPU
		{990B5873-D0D3-4886-964A-D295F6158931}.Release|x86.ActiveCfg = Release|Any CPU
		{990B5873-D0D3-4886-964A-D295F6158931}.Release|x86.Build.0 = Release|Any CPU
		{990B5873-D0D3-4886-964A-D295F6158931}.Release|x86.Deploy.0 = Release|Any CPU
		{2A7D3575-7E7F-4935-A91E-0A86D4F8225D}.Debug|Any CPU.ActiveCfg = Debug|iPhoneSimulator
		{2A7D3575-7E7F-4935-A91E-0A86D4F8225D}.Debug|Any CPU.Build.0 = Debug|iPhoneSimulator
		{2A7D3575-7E7F-4935-A91E-0A86D4F8225D}.Debug|Any CPU.Deploy.0 = Debug|iPhoneSimulator
		{2A7D3575-7E7F-4935-A91E-0A86D4F8225D}.Debug|ARM.ActiveCfg = Debug|iPhone
		{2A7D3575-7E7F-4935-A91E-0A86D4F8225D}.Debug|ARM.Build.0 = Debug|iPhone
		{2A7D3575-7E7F-4935-A91E-0A86D4F8225D}.Debug|ARM.Deploy.0 = Debug|iPhone
		{2A7D3575-7E7F-4935-A91E-0A86D4F8225D}.Debug|iPhone.ActiveCfg = Debug|iPhone
		{2A7D3575-7E7F-4935-A91E-0A86D4F8225D}.Debug|iPhone.Build.0 = Debug|iPhone
		{2A7D3575-7E7F-4935-A91E-0A86D4F8225D}.Debug|iPhone.Deploy.0 = Debug|iPhone
		{2A7D3575-7E7F-4935-A91E-0A86D4F8225D}.Debug|iPhoneSimulator.ActiveCfg = Debug|iPhoneSimulator
		{2A7D3575-7E7F-4935-A91E-0A86D4F8225D}.Debug|iPhoneSimulator.Build.0 = Debug|iPhoneSimulator
		{2A7D3575-7E7F-4935-A91E-0A86D4F8225D}.Debug|iPhoneSimulator.Deploy.0 = Debug|iPhoneSimulator
		{2A7D3575-7E7F-4935-A91E-0A86D4F8225D}.Debug|x64.ActiveCfg = Debug|iPhoneSimulator
		{2A7D3575-7E7F-4935-A91E-0A86D4F8225D}.Debug|x64.Build.0 = Debug|iPhoneSimulator
		{2A7D3575-7E7F-4935-A91E-0A86D4F8225D}.Debug|x64.Deploy.0 = Debug|iPhoneSimulator
		{2A7D3575-7E7F-4935-A91E-0A86D4F8225D}.Debug|x86.ActiveCfg = Debug|iPhoneSimulator
		{2A7D3575-7E7F-4935-A91E-0A86D4F8225D}.Debug|x86.Build.0 = Debug|iPhoneSimulator
		{2A7D3575-7E7F-4935-A91E-0A86D4F8225D}.Debug|x86.Deploy.0 = Debug|iPhoneSimulator
		{2A7D3575-7E7F-4935-A91E-0A86D4F8225D}.Release|Any CPU.ActiveCfg = Release|iPhoneSimulator
		{2A7D3575-7E7F-4935-A91E-0A86D4F8225D}.Release|Any CPU.Build.0 = Release|iPhoneSimulator
		{2A7D3575-7E7F-4935-A91E-0A86D4F8225D}.Release|Any CPU.Deploy.0 = Release|iPhoneSimulator
		{2A7D3575-7E7F-4935-A91E-0A86D4F8225D}.Release|ARM.ActiveCfg = Release|iPhoneSimulator
		{2A7D3575-7E7F-4935-A91E-0A86D4F8225D}.Release|ARM.Build.0 = Release|iPhoneSimulator
		{2A7D3575-7E7F-4935-A91E-0A86D4F8225D}.Release|ARM.Deploy.0 = Release|iPhoneSimulator
		{2A7D3575-7E7F-4935-A91E-0A86D4F8225D}.Release|iPhone.ActiveCfg = Release|iPhone
		{2A7D3575-7E7F-4935-A91E-0A86D4F8225D}.Release|iPhone.Build.0 = Release|iPhone
		{2A7D3575-7E7F-4935-A91E-0A86D4F8225D}.Release|iPhone.Deploy.0 = Release|iPhone
		{2A7D3575-7E7F-4935-A91E-0A86D4F8225D}.Release|iPhoneSimulator.ActiveCfg = Release|iPhoneSimulator
		{2A7D3575-7E7F-4935-A91E-0A86D4F8225D}.Release|iPhoneSimulator.Build.0 = Release|iPhoneSimulator
		{2A7D3575-7E7F-4935-A91E-0A86D4F8225D}.Release|iPhoneSimulator.Deploy.0 = Release|iPhoneSimulator
		{2A7D3575-7E7F-4935-A91E-0A86D4F8225D}.Release|x64.ActiveCfg = Release|iPhoneSimulator
		{2A7D3575-7E7F-4935-A91E-0A86D4F8225D}.Release|x64.Build.0 = Release|iPhoneSimulator
		{2A7D3575-7E7F-4935-A91E-0A86D4F8225D}.Release|x64.Deploy.0 = Release|iPhoneSimulator
		{2A7D3575-7E7F-4935-A91E-0A86D4F8225D}.Release|x86.ActiveCfg = Release|iPhoneSimulator
		{2A7D3575-7E7F-4935-A91E-0A86D4F8225D}.Release|x86.Build.0 = Release|iPhoneSimulator
		{2A7D3575-7E7F-4935-A91E-0A86D4F8225D}.Release|x86.Deploy.0 = Release|iPhoneSimulator
		{3CBBC869-CAD6-45AD-868A-D81FCF362123}.Debug|Any CPU.ActiveCfg = Debug|Any CPU
		{3CBBC869-CAD6-45AD-868A-D81FCF362123}.Debug|Any CPU.Build.0 = Debug|Any CPU
		{3CBBC869-CAD6-45AD-868A-D81FCF362123}.Debug|Any CPU.Deploy.0 = Debug|Any CPU
		{3CBBC869-CAD6-45AD-868A-D81FCF362123}.Debug|ARM.ActiveCfg = Debug|Any CPU
		{3CBBC869-CAD6-45AD-868A-D81FCF362123}.Debug|ARM.Build.0 = Debug|Any CPU
		{3CBBC869-CAD6-45AD-868A-D81FCF362123}.Debug|ARM.Deploy.0 = Debug|Any CPU
		{3CBBC869-CAD6-45AD-868A-D81FCF362123}.Debug|iPhone.ActiveCfg = Debug|Any CPU
		{3CBBC869-CAD6-45AD-868A-D81FCF362123}.Debug|iPhone.Build.0 = Debug|Any CPU
		{3CBBC869-CAD6-45AD-868A-D81FCF362123}.Debug|iPhone.Deploy.0 = Debug|Any CPU
		{3CBBC869-CAD6-45AD-868A-D81FCF362123}.Debug|iPhoneSimulator.ActiveCfg = Debug|Any CPU
		{3CBBC869-CAD6-45AD-868A-D81FCF362123}.Debug|iPhoneSimulator.Build.0 = Debug|Any CPU
		{3CBBC869-CAD6-45AD-868A-D81FCF362123}.Debug|iPhoneSimulator.Deploy.0 = Debug|Any CPU
		{3CBBC869-CAD6-45AD-868A-D81FCF362123}.Debug|x64.ActiveCfg = Debug|Any CPU
		{3CBBC869-CAD6-45AD-868A-D81FCF362123}.Debug|x64.Build.0 = Debug|Any CPU
		{3CBBC869-CAD6-45AD-868A-D81FCF362123}.Debug|x64.Deploy.0 = Debug|Any CPU
		{3CBBC869-CAD6-45AD-868A-D81FCF362123}.Debug|x86.ActiveCfg = Debug|Any CPU
		{3CBBC869-CAD6-45AD-868A-D81FCF362123}.Debug|x86.Build.0 = Debug|Any CPU
		{3CBBC869-CAD6-45AD-868A-D81FCF362123}.Debug|x86.Deploy.0 = Debug|Any CPU
		{3CBBC869-CAD6-45AD-868A-D81FCF362123}.Release|Any CPU.ActiveCfg = Release|Any CPU
		{3CBBC869-CAD6-45AD-868A-D81FCF362123}.Release|Any CPU.Build.0 = Release|Any CPU
		{3CBBC869-CAD6-45AD-868A-D81FCF362123}.Release|Any CPU.Deploy.0 = Release|Any CPU
		{3CBBC869-CAD6-45AD-868A-D81FCF362123}.Release|ARM.ActiveCfg = Release|Any CPU
		{3CBBC869-CAD6-45AD-868A-D81FCF362123}.Release|ARM.Build.0 = Release|Any CPU
		{3CBBC869-CAD6-45AD-868A-D81FCF362123}.Release|ARM.Deploy.0 = Release|Any CPU
		{3CBBC869-CAD6-45AD-868A-D81FCF362123}.Release|iPhone.ActiveCfg = Release|Any CPU
		{3CBBC869-CAD6-45AD-868A-D81FCF362123}.Release|iPhone.Build.0 = Release|Any CPU
		{3CBBC869-CAD6-45AD-868A-D81FCF362123}.Release|iPhone.Deploy.0 = Release|Any CPU
		{3CBBC869-CAD6-45AD-868A-D81FCF362123}.Release|iPhoneSimulator.ActiveCfg = Release|Any CPU
		{3CBBC869-CAD6-45AD-868A-D81FCF362123}.Release|iPhoneSimulator.Build.0 = Release|Any CPU
		{3CBBC869-CAD6-45AD-868A-D81FCF362123}.Release|iPhoneSimulator.Deploy.0 = Release|Any CPU
		{3CBBC869-CAD6-45AD-868A-D81FCF362123}.Release|x64.ActiveCfg = Release|Any CPU
		{3CBBC869-CAD6-45AD-868A-D81FCF362123}.Release|x64.Build.0 = Release|Any CPU
		{3CBBC869-CAD6-45AD-868A-D81FCF362123}.Release|x64.Deploy.0 = Release|Any CPU
		{3CBBC869-CAD6-45AD-868A-D81FCF362123}.Release|x86.ActiveCfg = Release|Any CPU
		{3CBBC869-CAD6-45AD-868A-D81FCF362123}.Release|x86.Build.0 = Release|Any CPU
		{3CBBC869-CAD6-45AD-868A-D81FCF362123}.Release|x86.Deploy.0 = Release|Any CPU
	EndGlobalSection
	GlobalSection(SolutionProperties) = preSolution
		HideSolutionNode = FALSE
	EndGlobalSection
	GlobalSection(ExtensibilityGlobals) = postSolution
		SolutionGuid = {6AE3B984-C93B-4E2A-A8D6-B073F55058B5}
	EndGlobalSection
EndGlobal
